
Microsoft Visual Studio Solution File, Format Version 12.00
# Visual Studio Version 17
VisualStudioVersion = 17.3.32922.545
MinimumVisualStudioVersion = 10.0.40219.1
Project("{FAE04EC0-301F-11D3-BF4B-00C04F79EFBC}") = "HexMapProject", "HexMapProject\HexMapProject.csproj", "{BC8C043D-2993-43A7-8572-A6EA62EF86EC}"
EndProject
Global
	GlobalSection(SolutionConfigurationPlatforms) = preSolution
		Debug|Any CPU = Debug|Any CPU
		Release|Any CPU = Release|Any CPU
	EndGlobalSection
	GlobalSection(ProjectConfigurationPlatforms) = postSolution
		{BC8C043D-2993-43A7-8572-A6EA62EF86EC}.Debug|Any CPU.ActiveCfg = Debug|Any CPU
		{BC8C043D-2993-43A7-8572-A6EA62EF86EC}.Debug|Any CPU.Build.0 = Debug|Any CPU
		{BC8C043D-2993-43A7-8572-A6EA62EF86EC}.Release|Any CPU.ActiveCfg = Release|Any CPU
		{BC8C043D-2993-43A7-8572-A6EA62EF86EC}.Release|Any CPU.Build.0 = Release|Any CPU
	EndGlobalSection
	GlobalSection(SolutionProperties) = preSolution
		HideSolutionNode = FALSE
	EndGlobalSection
	GlobalSection(ExtensibilityGlobals) = postSolution
		SolutionGuid = {9FC5A32D-81BA-40A5-827C-42FD3FCD47AB}
	EndGlobalSection
EndGlobal
